
Microsoft Visual Studio Solution File, Format Version 12.00
# Visual Studio Version 16
VisualStudioVersion = 16.0.30413.136
MinimumVisualStudioVersion = 10.0.40219.1
Project("{FAE04EC0-301F-11D3-BF4B-00C04F79EFBC}") = "HelloMars", "HelloMars\HelloMars.csproj", "{A7D17B56-EC32-4573-B6FD-166D38B52DA1}"
EndProject
Global
	GlobalSection(SolutionConfigurationPlatforms) = preSolution
		Debug|Any CPU = Debug|Any CPU
		Release|Any CPU = Release|Any CPU
	EndGlobalSection
	GlobalSection(ProjectConfigurationPlatforms) = postSolution
		{A7D17B56-EC32-4573-B6FD-166D38B52DA1}.Debug|Any CPU.ActiveCfg = Debug|Any CPU
		{A7D17B56-EC32-4573-B6FD-166D38B52DA1}.Debug|Any CPU.Build.0 = Debug|Any CPU
		{A7D17B56-EC32-4573-B6FD-166D38B52DA1}.Release|Any CPU.ActiveCfg = Release|Any CPU
		{A7D17B56-EC32-4573-B6FD-166D38B52DA1}.Release|Any CPU.Build.0 = Release|Any CPU
	EndGlobalSection
	GlobalSection(SolutionProperties) = preSolution
		HideSolutionNode = FALSE
	EndGlobalSection
	GlobalSection(ExtensibilityGlobals) = postSolution
		SolutionGuid = {C5E671B2-C0EA-42E2-BC23-F53132AA9B60}
	EndGlobalSection
EndGlobal
